// !$*UTF8*$!
{
	archiveVersion = 1;
	classes = {
	};
	objectVersion = 56;
	objects = {

/* Begin PBXBuildFile section */
		BD1401AF2C53D345003E1A77 /* finalProjectApp.swift in Sources */ = {isa = PBXBuildFile; fileRef = BD1401AE2C53D345003E1A77 /* finalProjectApp.swift */; };
		BD1401B12C53D345003E1A77 /* ContentView.swift in Sources */ = {isa = PBXBuildFile; fileRef = BD1401B02C53D345003E1A77 /* ContentView.swift */; };
		BD1401B32C53D347003E1A77 /* Assets.xcassets in Resources */ = {isa = PBXBuildFile; fileRef = BD1401B22C53D347003E1A77 /* Assets.xcassets */; };
		BD1401B62C53D347003E1A77 /* Preview Assets.xcassets in Resources */ = {isa = PBXBuildFile; fileRef = BD1401B52C53D347003E1A77 /* Preview Assets.xcassets */; };
		BD1401C02C53D347003E1A77 /* finalProjectTests.swift in Sources */ = {isa = PBXBuildFile; fileRef = BD1401BF2C53D347003E1A77 /* finalProjectTests.swift */; };
		BD1401CA2C53D347003E1A77 /* finalProjectUITests.swift in Sources */ = {isa = PBXBuildFile; fileRef = BD1401C92C53D347003E1A77 /* finalProjectUITests.swift */; };
		BD1401CC2C53D347003E1A77 /* finalProjectUITestsLaunchTests.swift in Sources */ = {isa = PBXBuildFile; fileRef = BD1401CB2C53D347003E1A77 /* finalProjectUITestsLaunchTests.swift */; };
		BD3FBB3D2C5B92CC00E2EC68 /* LeagueSpartan-VariableFont_wght.ttf in Resources */ = {isa = PBXBuildFile; fileRef = BD3FBB3C2C5B92CC00E2EC68 /* LeagueSpartan-VariableFont_wght.ttf */; };
		BD3FBB3E2C5B92CC00E2EC68 /* LeagueSpartan-VariableFont_wght.ttf in Resources */ = {isa = PBXBuildFile; fileRef = BD3FBB3C2C5B92CC00E2EC68 /* LeagueSpartan-VariableFont_wght.ttf */; };
		BD3FBB3F2C5B92CC00E2EC68 /* LeagueSpartan-VariableFont_wght.ttf in Resources */ = {isa = PBXBuildFile; fileRef = BD3FBB3C2C5B92CC00E2EC68 /* LeagueSpartan-VariableFont_wght.ttf */; };
		BD3FBB412C5B93AC00E2EC68 /* openPage.swift in Sources */ = {isa = PBXBuildFile; fileRef = BD3FBB402C5B93AC00E2EC68 /* openPage.swift */; };
		BD3FBB422C5B93AC00E2EC68 /* openPage.swift in Sources */ = {isa = PBXBuildFile; fileRef = BD3FBB402C5B93AC00E2EC68 /* openPage.swift */; };
		BD3FBB432C5B93AC00E2EC68 /* openPage.swift in Sources */ = {isa = PBXBuildFile; fileRef = BD3FBB402C5B93AC00E2EC68 /* openPage.swift */; };
		BD3FBB452C5B93BA00E2EC68 /* quizStart.swift in Sources */ = {isa = PBXBuildFile; fileRef = BD3FBB442C5B93BA00E2EC68 /* quizStart.swift */; };
		BD3FBB462C5B93BA00E2EC68 /* quizStart.swift in Sources */ = {isa = PBXBuildFile; fileRef = BD3FBB442C5B93BA00E2EC68 /* quizStart.swift */; };
		BD3FBB472C5B93BA00E2EC68 /* quizStart.swift in Sources */ = {isa = PBXBuildFile; fileRef = BD3FBB442C5B93BA00E2EC68 /* quizStart.swift */; };
		BD3FBB492C5B93C700E2EC68 /* question1.swift in Sources */ = {isa = PBXBuildFile; fileRef = BD3FBB482C5B93C600E2EC68 /* question1.swift */; };
		BD3FBB4A2C5B93C700E2EC68 /* question1.swift in Sources */ = {isa = PBXBuildFile; fileRef = BD3FBB482C5B93C600E2EC68 /* question1.swift */; };
		BD3FBB4B2C5B93C700E2EC68 /* question1.swift in Sources */ = {isa = PBXBuildFile; fileRef = BD3FBB482C5B93C600E2EC68 /* question1.swift */; };
		BD3FBB4D2C5B93D200E2EC68 /* question2.swift in Sources */ = {isa = PBXBuildFile; fileRef = BD3FBB4C2C5B93D200E2EC68 /* question2.swift */; };
		BD3FBB4E2C5B93D200E2EC68 /* question2.swift in Sources */ = {isa = PBXBuildFile; fileRef = BD3FBB4C2C5B93D200E2EC68 /* question2.swift */; };
		BD3FBB4F2C5B93D200E2EC68 /* question2.swift in Sources */ = {isa = PBXBuildFile; fileRef = BD3FBB4C2C5B93D200E2EC68 /* question2.swift */; };
		BD3FBB512C5B93DE00E2EC68 /* question3.swift in Sources */ = {isa = PBXBuildFile; fileRef = BD3FBB502C5B93DE00E2EC68 /* question3.swift */; };
		BD3FBB522C5B93DE00E2EC68 /* question3.swift in Sources */ = {isa = PBXBuildFile; fileRef = BD3FBB502C5B93DE00E2EC68 /* question3.swift */; };
		BD3FBB532C5B93DE00E2EC68 /* question3.swift in Sources */ = {isa = PBXBuildFile; fileRef = BD3FBB502C5B93DE00E2EC68 /* question3.swift */; };
		BD3FBB552C5B93E800E2EC68 /* question4.swift in Sources */ = {isa = PBXBuildFile; fileRef = BD3FBB542C5B93E800E2EC68 /* question4.swift */; };
		BD3FBB562C5B93E800E2EC68 /* question4.swift in Sources */ = {isa = PBXBuildFile; fileRef = BD3FBB542C5B93E800E2EC68 /* question4.swift */; };
		BD3FBB572C5B93E800E2EC68 /* question4.swift in Sources */ = {isa = PBXBuildFile; fileRef = BD3FBB542C5B93E800E2EC68 /* question4.swift */; };
		BD3FBB592C5B93F500E2EC68 /* question5.swift in Sources */ = {isa = PBXBuildFile; fileRef = BD3FBB582C5B93F500E2EC68 /* question5.swift */; };
		BD3FBB5A2C5B93F500E2EC68 /* question5.swift in Sources */ = {isa = PBXBuildFile; fileRef = BD3FBB582C5B93F500E2EC68 /* question5.swift */; };
		BD3FBB5B2C5B93F500E2EC68 /* question5.swift in Sources */ = {isa = PBXBuildFile; fileRef = BD3FBB582C5B93F500E2EC68 /* question5.swift */; };
		BD3FBB5D2C5B940700E2EC68 /* endOfQuiz.swift in Sources */ = {isa = PBXBuildFile; fileRef = BD3FBB5C2C5B940700E2EC68 /* endOfQuiz.swift */; };
		BD3FBB5E2C5B940700E2EC68 /* endOfQuiz.swift in Sources */ = {isa = PBXBuildFile; fileRef = BD3FBB5C2C5B940700E2EC68 /* endOfQuiz.swift */; };
		BD3FBB5F2C5B940700E2EC68 /* endOfQuiz.swift in Sources */ = {isa = PBXBuildFile; fileRef = BD3FBB5C2C5B940700E2EC68 /* endOfQuiz.swift */; };
		BD3FBB612C5BCCBE00E2EC68 /* NewToDoView.swift in Sources */ = {isa = PBXBuildFile; fileRef = BD3FBB602C5BCCBE00E2EC68 /* NewToDoView.swift */; };
		BD3FBB632C5BCCD100E2EC68 /* ToDoItem.swift in Sources */ = {isa = PBXBuildFile; fileRef = BD3FBB622C5BCCD100E2EC68 /* ToDoItem.swift */; };
		BD4931182C5A6825001E0957 /* ProfileView.swift in Sources */ = {isa = PBXBuildFile; fileRef = BD4931172C5A6825001E0957 /* ProfileView.swift */; };
		BD49311A2C5A684A001E0957 /* BucketListView.swift in Sources */ = {isa = PBXBuildFile; fileRef = BD4931192C5A684A001E0957 /* BucketListView.swift */; };
		BD49311C2C5A6863001E0957 /* FollowingView.swift in Sources */ = {isa = PBXBuildFile; fileRef = BD49311B2C5A6863001E0957 /* FollowingView.swift */; };
		BD5EB9F92C5BC35000F1C469 /* Travel.swift in Sources */ = {isa = PBXBuildFile; fileRef = BD5EB9F82C5BC35000F1C469 /* Travel.swift */; };
		BD5EB9FB2C5BC39700F1C469 /* AddReviewView.swift in Sources */ = {isa = PBXBuildFile; fileRef = BD5EB9FA2C5BC39700F1C469 /* AddReviewView.swift */; };
		BD5EB9FD2C5BC3DE00F1C469 /* ReviewViewModel.swift in Sources */ = {isa = PBXBuildFile; fileRef = BD5EB9FC2C5BC3DE00F1C469 /* ReviewViewModel.swift */; };
		BD5EBA012C5BC52900F1C469 /* ImagePicker.swift in Sources */ = {isa = PBXBuildFile; fileRef = BD5EBA002C5BC52900F1C469 /* ImagePicker.swift */; };
		BD5EBA032C5BC5AA00F1C469 /* Review.swift in Sources */ = {isa = PBXBuildFile; fileRef = BD5EBA022C5BC5AA00F1C469 /* Review.swift */; };
/* End PBXBuildFile section */

/* Begin PBXContainerItemProxy section */
		BD1401BC2C53D347003E1A77 /* PBXContainerItemProxy */ = {
			isa = PBXContainerItemProxy;
			containerPortal = BD1401A32C53D345003E1A77 /* Project object */;
			proxyType = 1;
			remoteGlobalIDString = BD1401AA2C53D345003E1A77;
			remoteInfo = finalProject;
		};
		BD1401C62C53D347003E1A77 /* PBXContainerItemProxy */ = {
			isa = PBXContainerItemProxy;
			containerPortal = BD1401A32C53D345003E1A77 /* Project object */;
			proxyType = 1;
			remoteGlobalIDString = BD1401AA2C53D345003E1A77;
			remoteInfo = finalProject;
		};
/* End PBXContainerItemProxy section */

/* Begin PBXFileReference section */
		BD1401AB2C53D345003E1A77 /* finalProject.app */ = {isa = PBXFileReference; explicitFileType = wrapper.application; includeInIndex = 0; path = finalProject.app; sourceTree = BUILT_PRODUCTS_DIR; };
		BD1401AE2C53D345003E1A77 /* finalProjectApp.swift */ = {isa = PBXFileReference; lastKnownFileType = sourcecode.swift; path = finalProjectApp.swift; sourceTree = "<group>"; };
		BD1401B02C53D345003E1A77 /* ContentView.swift */ = {isa = PBXFileReference; lastKnownFileType = sourcecode.swift; path = ContentView.swift; sourceTree = "<group>"; };
		BD1401B22C53D347003E1A77 /* Assets.xcassets */ = {isa = PBXFileReference; lastKnownFileType = folder.assetcatalog; path = Assets.xcassets; sourceTree = "<group>"; };
		BD1401B52C53D347003E1A77 /* Preview Assets.xcassets */ = {isa = PBXFileReference; lastKnownFileType = folder.assetcatalog; path = "Preview Assets.xcassets"; sourceTree = "<group>"; };
		BD1401BB2C53D347003E1A77 /* finalProjectTests.xctest */ = {isa = PBXFileReference; explicitFileType = wrapper.cfbundle; includeInIndex = 0; path = finalProjectTests.xctest; sourceTree = BUILT_PRODUCTS_DIR; };
		BD1401BF2C53D347003E1A77 /* finalProjectTests.swift */ = {isa = PBXFileReference; lastKnownFileType = sourcecode.swift; path = finalProjectTests.swift; sourceTree = "<group>"; };
		BD1401C52C53D347003E1A77 /* finalProjectUITests.xctest */ = {isa = PBXFileReference; explicitFileType = wrapper.cfbundle; includeInIndex = 0; path = finalProjectUITests.xctest; sourceTree = BUILT_PRODUCTS_DIR; };
		BD1401C92C53D347003E1A77 /* finalProjectUITests.swift */ = {isa = PBXFileReference; lastKnownFileType = sourcecode.swift; path = finalProjectUITests.swift; sourceTree = "<group>"; };
		BD1401CB2C53D347003E1A77 /* finalProjectUITestsLaunchTests.swift */ = {isa = PBXFileReference; lastKnownFileType = sourcecode.swift; path = finalProjectUITestsLaunchTests.swift; sourceTree = "<group>"; };
		BD3FBB3B2C5B91DD00E2EC68 /* Info.plist */ = {isa = PBXFileReference; lastKnownFileType = text.plist; path = Info.plist; sourceTree = "<group>"; };
		BD3FBB3C2C5B92CC00E2EC68 /* LeagueSpartan-VariableFont_wght.ttf */ = {isa = PBXFileReference; lastKnownFileType = file; path = "LeagueSpartan-VariableFont_wght.ttf"; sourceTree = "<group>"; };
		BD3FBB402C5B93AC00E2EC68 /* openPage.swift */ = {isa = PBXFileReference; lastKnownFileType = sourcecode.swift; path = openPage.swift; sourceTree = "<group>"; };
		BD3FBB442C5B93BA00E2EC68 /* quizStart.swift */ = {isa = PBXFileReference; lastKnownFileType = sourcecode.swift; path = quizStart.swift; sourceTree = "<group>"; };
		BD3FBB482C5B93C600E2EC68 /* question1.swift */ = {isa = PBXFileReference; lastKnownFileType = sourcecode.swift; path = question1.swift; sourceTree = "<group>"; };
		BD3FBB4C2C5B93D200E2EC68 /* question2.swift */ = {isa = PBXFileReference; lastKnownFileType = sourcecode.swift; path = question2.swift; sourceTree = "<group>"; };
		BD3FBB502C5B93DE00E2EC68 /* question3.swift */ = {isa = PBXFileReference; lastKnownFileType = sourcecode.swift; path = question3.swift; sourceTree = "<group>"; };
		BD3FBB542C5B93E800E2EC68 /* question4.swift */ = {isa = PBXFileReference; lastKnownFileType = sourcecode.swift; path = question4.swift; sourceTree = "<group>"; };
		BD3FBB582C5B93F500E2EC68 /* question5.swift */ = {isa = PBXFileReference; lastKnownFileType = sourcecode.swift; path = question5.swift; sourceTree = "<group>"; };
		BD3FBB5C2C5B940700E2EC68 /* endOfQuiz.swift */ = {isa = PBXFileReference; lastKnownFileType = sourcecode.swift; path = endOfQuiz.swift; sourceTree = "<group>"; };
		BD3FBB602C5BCCBE00E2EC68 /* NewToDoView.swift */ = {isa = PBXFileReference; lastKnownFileType = sourcecode.swift; path = NewToDoView.swift; sourceTree = "<group>"; };
		BD3FBB622C5BCCD100E2EC68 /* ToDoItem.swift */ = {isa = PBXFileReference; lastKnownFileType = sourcecode.swift; path = ToDoItem.swift; sourceTree = "<group>"; };
		BD4931172C5A6825001E0957 /* ProfileView.swift */ = {isa = PBXFileReference; lastKnownFileType = sourcecode.swift; path = ProfileView.swift; sourceTree = "<group>"; };
		BD4931192C5A684A001E0957 /* BucketListView.swift */ = {isa = PBXFileReference; lastKnownFileType = sourcecode.swift; path = BucketListView.swift; sourceTree = "<group>"; };
		BD49311B2C5A6863001E0957 /* FollowingView.swift */ = {isa = PBXFileReference; lastKnownFileType = sourcecode.swift; path = FollowingView.swift; sourceTree = "<group>"; };
		BD5EB9F82C5BC35000F1C469 /* Travel.swift */ = {isa = PBXFileReference; lastKnownFileType = sourcecode.swift; path = Travel.swift; sourceTree = "<group>"; };
		BD5EB9FA2C5BC39700F1C469 /* AddReviewView.swift */ = {isa = PBXFileReference; lastKnownFileType = sourcecode.swift; path = AddReviewView.swift; sourceTree = "<group>"; };
		BD5EB9FC2C5BC3DE00F1C469 /* ReviewViewModel.swift */ = {isa = PBXFileReference; lastKnownFileType = sourcecode.swift; path = ReviewViewModel.swift; sourceTree = "<group>"; };
		BD5EBA002C5BC52900F1C469 /* ImagePicker.swift */ = {isa = PBXFileReference; fileEncoding = 4; lastKnownFileType = sourcecode.swift; name = ImagePicker.swift; path = ../../letsGo/ImagePicker.swift; sourceTree = "<group>"; };
		BD5EBA022C5BC5AA00F1C469 /* Review.swift */ = {isa = PBXFileReference; lastKnownFileType = sourcecode.swift; path = Review.swift; sourceTree = "<group>"; };
/* End PBXFileReference section */

/* Begin PBXFrameworksBuildPhase section */
		BD1401A82C53D345003E1A77 /* Frameworks */ = {
			isa = PBXFrameworksBuildPhase;
			buildActionMask = 2147483647;
			files = (
			);
			runOnlyForDeploymentPostprocessing = 0;
		};
		BD1401B82C53D347003E1A77 /* Frameworks */ = {
			isa = PBXFrameworksBuildPhase;
			buildActionMask = 2147483647;
			files = (
			);
			runOnlyForDeploymentPostprocessing = 0;
		};
		BD1401C22C53D347003E1A77 /* Frameworks */ = {
			isa = PBXFrameworksBuildPhase;
			buildActionMask = 2147483647;
			files = (
			);
			runOnlyForDeploymentPostprocessing = 0;
		};
/* End PBXFrameworksBuildPhase section */

/* Begin PBXGroup section */
		BD1401A22C53D345003E1A77 = {
			isa = PBXGroup;
			children = (
				BD1401AD2C53D345003E1A77 /* finalProject */,
				BD1401BE2C53D347003E1A77 /* finalProjectTests */,
				BD1401C82C53D347003E1A77 /* finalProjectUITests */,
				BD1401AC2C53D345003E1A77 /* Products */,
			);
			sourceTree = "<group>";
		};
		BD1401AC2C53D345003E1A77 /* Products */ = {
			isa = PBXGroup;
			children = (
				BD1401AB2C53D345003E1A77 /* finalProject.app */,
				BD1401BB2C53D347003E1A77 /* finalProjectTests.xctest */,
				BD1401C52C53D347003E1A77 /* finalProjectUITests.xctest */,
			);
			name = Products;
			sourceTree = "<group>";
		};
		BD1401AD2C53D345003E1A77 /* finalProject */ = {
			isa = PBXGroup;
			children = (
				BD3FBB3B2C5B91DD00E2EC68 /* Info.plist */,
				BD1401AE2C53D345003E1A77 /* finalProjectApp.swift */,
				BD3FBB3C2C5B92CC00E2EC68 /* LeagueSpartan-VariableFont_wght.ttf */,
				BD3FBB402C5B93AC00E2EC68 /* openPage.swift */,
				BD3FBB442C5B93BA00E2EC68 /* quizStart.swift */,
				BD3FBB482C5B93C600E2EC68 /* question1.swift */,
				BD3FBB4C2C5B93D200E2EC68 /* question2.swift */,
				BD3FBB502C5B93DE00E2EC68 /* question3.swift */,
				BD3FBB542C5B93E800E2EC68 /* question4.swift */,
				BD3FBB582C5B93F500E2EC68 /* question5.swift */,
				BD3FBB5C2C5B940700E2EC68 /* endOfQuiz.swift */,
				BD1401B02C53D345003E1A77 /* ContentView.swift */,
				BD5EB9F82C5BC35000F1C469 /* Travel.swift */,
				BD5EBA002C5BC52900F1C469 /* ImagePicker.swift */,
				BD5EB9FA2C5BC39700F1C469 /* AddReviewView.swift */,
				BD5EB9FC2C5BC3DE00F1C469 /* ReviewViewModel.swift */,
				BD5EBA022C5BC5AA00F1C469 /* Review.swift */,
				BD4931192C5A684A001E0957 /* BucketListView.swift */,
				BD3FBB602C5BCCBE00E2EC68 /* NewToDoView.swift */,
				BD3FBB622C5BCCD100E2EC68 /* ToDoItem.swift */,
				BD4931172C5A6825001E0957 /* ProfileView.swift */,
				BD49311B2C5A6863001E0957 /* FollowingView.swift */,
				BD1401B22C53D347003E1A77 /* Assets.xcassets */,
				BD1401B42C53D347003E1A77 /* Preview Content */,
			);
			path = finalProject;
			sourceTree = "<group>";
		};
		BD1401B42C53D347003E1A77 /* Preview Content */ = {
			isa = PBXGroup;
			children = (
				BD1401B52C53D347003E1A77 /* Preview Assets.xcassets */,
			);
			path = "Preview Content";
			sourceTree = "<group>";
		};
		BD1401BE2C53D347003E1A77 /* finalProjectTests */ = {
			isa = PBXGroup;
			children = (
				BD1401BF2C53D347003E1A77 /* finalProjectTests.swift */,
			);
			path = finalProjectTests;
			sourceTree = "<group>";
		};
		BD1401C82C53D347003E1A77 /* finalProjectUITests */ = {
			isa = PBXGroup;
			children = (
				BD1401C92C53D347003E1A77 /* finalProjectUITests.swift */,
				BD1401CB2C53D347003E1A77 /* finalProjectUITestsLaunchTests.swift */,
			);
			path = finalProjectUITests;
			sourceTree = "<group>";
		};
/* End PBXGroup section */

/* Begin PBXNativeTarget section */
		BD1401AA2C53D345003E1A77 /* finalProject */ = {
			isa = PBXNativeTarget;
			buildConfigurationList = BD1401CF2C53D347003E1A77 /* Build configuration list for PBXNativeTarget "finalProject" */;
			buildPhases = (
				BD1401A72C53D345003E1A77 /* Sources */,
				BD1401A82C53D345003E1A77 /* Frameworks */,
				BD1401A92C53D345003E1A77 /* Resources */,
			);
			buildRules = (
			);
			dependencies = (
			);
			name = finalProject;
			productName = finalProject;
			productReference = BD1401AB2C53D345003E1A77 /* finalProject.app */;
			productType = "com.apple.product-type.application";
		};
		BD1401BA2C53D347003E1A77 /* finalProjectTests */ = {
			isa = PBXNativeTarget;
			buildConfigurationList = BD1401D22C53D347003E1A77 /* Build configuration list for PBXNativeTarget "finalProjectTests" */;
			buildPhases = (
				BD1401B72C53D347003E1A77 /* Sources */,
				BD1401B82C53D347003E1A77 /* Frameworks */,
				BD1401B92C53D347003E1A77 /* Resources */,
			);
			buildRules = (
			);
			dependencies = (
				BD1401BD2C53D347003E1A77 /* PBXTargetDependency */,
			);
			name = finalProjectTests;
			productName = finalProjectTests;
			productReference = BD1401BB2C53D347003E1A77 /* finalProjectTests.xctest */;
			productType = "com.apple.product-type.bundle.unit-test";
		};
		BD1401C42C53D347003E1A77 /* finalProjectUITests */ = {
			isa = PBXNativeTarget;
			buildConfigurationList = BD1401D52C53D347003E1A77 /* Build configuration list for PBXNativeTarget "finalProjectUITests" */;
			buildPhases = (
				BD1401C12C53D347003E1A77 /* Sources */,
				BD1401C22C53D347003E1A77 /* Frameworks */,
				BD1401C32C53D347003E1A77 /* Resources */,
			);
			buildRules = (
			);
			dependencies = (
				BD1401C72C53D347003E1A77 /* PBXTargetDependency */,
			);
			name = finalProjectUITests;
			productName = finalProjectUITests;
			productReference = BD1401C52C53D347003E1A77 /* finalProjectUITests.xctest */;
			productType = "com.apple.product-type.bundle.ui-testing";
		};
/* End PBXNativeTarget section */

/* Begin PBXProject section */
		BD1401A32C53D345003E1A77 /* Project object */ = {
			isa = PBXProject;
			attributes = {
				BuildIndependentTargetsInParallel = 1;
				LastSwiftUpdateCheck = 1540;
				LastUpgradeCheck = 1540;
				TargetAttributes = {
					BD1401AA2C53D345003E1A77 = {
						CreatedOnToolsVersion = 15.4;
					};
					BD1401BA2C53D347003E1A77 = {
						CreatedOnToolsVersion = 15.4;
						TestTargetID = BD1401AA2C53D345003E1A77;
					};
					BD1401C42C53D347003E1A77 = {
						CreatedOnToolsVersion = 15.4;
						TestTargetID = BD1401AA2C53D345003E1A77;
					};
				};
			};
			buildConfigurationList = BD1401A62C53D345003E1A77 /* Build configuration list for PBXProject "finalProject" */;
			compatibilityVersion = "Xcode 14.0";
			developmentRegion = en;
			hasScannedForEncodings = 0;
			knownRegions = (
				en,
				Base,
			);
			mainGroup = BD1401A22C53D345003E1A77;
			productRefGroup = BD1401AC2C53D345003E1A77 /* Products */;
			projectDirPath = "";
			projectRoot = "";
			targets = (
				BD1401AA2C53D345003E1A77 /* finalProject */,
				BD1401BA2C53D347003E1A77 /* finalProjectTests */,
				BD1401C42C53D347003E1A77 /* finalProjectUITests */,
			);
		};
/* End PBXProject section */

/* Begin PBXResourcesBuildPhase section */
		BD1401A92C53D345003E1A77 /* Resources */ = {
			isa = PBXResourcesBuildPhase;
			buildActionMask = 2147483647;
			files = (
				BD1401B62C53D347003E1A77 /* Preview Assets.xcassets in Resources */,
				BD3FBB3D2C5B92CC00E2EC68 /* LeagueSpartan-VariableFont_wght.ttf in Resources */,
				BD1401B32C53D347003E1A77 /* Assets.xcassets in Resources */,
			);
			runOnlyForDeploymentPostprocessing = 0;
		};
		BD1401B92C53D347003E1A77 /* Resources */ = {
			isa = PBXResourcesBuildPhase;
			buildActionMask = 2147483647;
			files = (
				BD3FBB3E2C5B92CC00E2EC68 /* LeagueSpartan-VariableFont_wght.ttf in Resources */,
			);
			runOnlyForDeploymentPostprocessing = 0;
		};
		BD1401C32C53D347003E1A77 /* Resources */ = {
			isa = PBXResourcesBuildPhase;
			buildActionMask = 2147483647;
			files = (
				BD3FBB3F2C5B92CC00E2EC68 /* LeagueSpartan-VariableFont_wght.ttf in Resources */,
			);
			runOnlyForDeploymentPostprocessing = 0;
		};
/* End PBXResourcesBuildPhase section */

/* Begin PBXSourcesBuildPhase section */
		BD1401A72C53D345003E1A77 /* Sources */ = {
			isa = PBXSourcesBuildPhase;
			buildActionMask = 2147483647;
			files = (
				BD49311A2C5A684A001E0957 /* BucketListView.swift in Sources */,
				BD3FBB452C5B93BA00E2EC68 /* quizStart.swift in Sources */,
				BD3FBB632C5BCCD100E2EC68 /* ToDoItem.swift in Sources */,
				BD1401B12C53D345003E1A77 /* ContentView.swift in Sources */,
				BD5EBA012C5BC52900F1C469 /* ImagePicker.swift in Sources */,
				BD3FBB612C5BCCBE00E2EC68 /* NewToDoView.swift in Sources */,
				BD3FBB492C5B93C700E2EC68 /* question1.swift in Sources */,
				BD49311C2C5A6863001E0957 /* FollowingView.swift in Sources */,
				BD3FBB512C5B93DE00E2EC68 /* question3.swift in Sources */,
				BD4931182C5A6825001E0957 /* ProfileView.swift in Sources */,
				BD5EB9F92C5BC35000F1C469 /* Travel.swift in Sources */,
				BD3FBB412C5B93AC00E2EC68 /* openPage.swift in Sources */,
				BD3FBB4D2C5B93D200E2EC68 /* question2.swift in Sources */,
				BD3FBB552C5B93E800E2EC68 /* question4.swift in Sources */,
				BD5EB9FB2C5BC39700F1C469 /* AddReviewView.swift in Sources */,
				BD5EBA032C5BC5AA00F1C469 /* Review.swift in Sources */,
				BD1401AF2C53D345003E1A77 /* finalProjectApp.swift in Sources */,
				BD3FBB5D2C5B940700E2EC68 /* endOfQuiz.swift in Sources */,
				BD5EB9FD2C5BC3DE00F1C469 /* ReviewViewModel.swift in Sources */,
				BD3FBB592C5B93F500E2EC68 /* question5.swift in Sources */,
			);
			runOnlyForDeploymentPostprocessing = 0;
		};
		BD1401B72C53D347003E1A77 /* Sources */ = {
			isa = PBXSourcesBuildPhase;
			buildActionMask = 2147483647;
			files = (
				BD3FBB5E2C5B940700E2EC68 /* endOfQuiz.swift in Sources */,
				BD3FBB4E2C5B93D200E2EC68 /* question2.swift in Sources */,
				BD3FBB422C5B93AC00E2EC68 /* openPage.swift in Sources */,
				BD1401C02C53D347003E1A77 /* finalProjectTests.swift in Sources */,
				BD3FBB522C5B93DE00E2EC68 /* question3.swift in Sources */,
				BD3FBB462C5B93BA00E2EC68 /* quizStart.swift in Sources */,
				BD3FBB562C5B93E800E2EC68 /* question4.swift in Sources */,
				BD3FBB4A2C5B93C700E2EC68 /* question1.swift in Sources */,
				BD3FBB5A2C5B93F500E2EC68 /* question5.swift in Sources */,
			);
			runOnlyForDeploymentPostprocessing = 0;
		};
		BD1401C12C53D347003E1A77 /* Sources */ = {
			isa = PBXSourcesBuildPhase;
			buildActionMask = 2147483647;
			files = (
				BD1401CA2C53D347003E1A77 /* finalProjectUITests.swift in Sources */,
				BD3FBB472C5B93BA00E2EC68 /* quizStart.swift in Sources */,
				BD3FBB5B2C5B93F500E2EC68 /* question5.swift in Sources */,
				BD3FBB432C5B93AC00E2EC68 /* openPage.swift in Sources */,
				BD3FBB532C5B93DE00E2EC68 /* question3.swift in Sources */,
				BD3FBB5F2C5B940700E2EC68 /* endOfQuiz.swift in Sources */,
				BD1401CC2C53D347003E1A77 /* finalProjectUITestsLaunchTests.swift in Sources */,
				BD3FBB4F2C5B93D200E2EC68 /* question2.swift in Sources */,
				BD3FBB572C5B93E800E2EC68 /* question4.swift in Sources */,
				BD3FBB4B2C5B93C700E2EC68 /* question1.swift in Sources */,
			);
			runOnlyForDeploymentPostprocessing = 0;
		};
/* End PBXSourcesBuildPhase section */

/* Begin PBXTargetDependency section */
		BD1401BD2C53D347003E1A77 /* PBXTargetDependency */ = {
			isa = PBXTargetDependency;
			target = BD1401AA2C53D345003E1A77 /* finalProject */;
			targetProxy = BD1401BC2C53D347003E1A77 /* PBXContainerItemProxy */;
		};
		BD1401C72C53D347003E1A77 /* PBXTargetDependency */ = {
			isa = PBXTargetDependency;
			target = BD1401AA2C53D345003E1A77 /* finalProject */;
			targetProxy = BD1401C62C53D347003E1A77 /* PBXContainerItemProxy */;
		};
/* End PBXTargetDependency section */

/* Begin XCBuildConfiguration section */
		BD1401CD2C53D347003E1A77 /* Debug */ = {
			isa = XCBuildConfiguration;
			buildSettings = {
				ALWAYS_SEARCH_USER_PATHS = NO;
				ASSETCATALOG_COMPILER_GENERATE_SWIFT_ASSET_SYMBOL_EXTENSIONS = YES;
				CLANG_ANALYZER_NONNULL = YES;
				CLANG_ANALYZER_NUMBER_OBJECT_CONVERSION = YES_AGGRESSIVE;
				CLANG_CXX_LANGUAGE_STANDARD = "gnu++20";
				CLANG_ENABLE_MODULES = YES;
				CLANG_ENABLE_OBJC_ARC = YES;
				CLANG_ENABLE_OBJC_WEAK = YES;
				CLANG_WARN_BLOCK_CAPTURE_AUTORELEASING = YES;
				CLANG_WARN_BOOL_CONVERSION = YES;
				CLANG_WARN_COMMA = YES;
				CLANG_WARN_CONSTANT_CONVERSION = YES;
				CLANG_WARN_DEPRECATED_OBJC_IMPLEMENTATIONS = YES;
				CLANG_WARN_DIRECT_OBJC_ISA_USAGE = YES_ERROR;
				CLANG_WARN_DOCUMENTATION_COMMENTS = YES;
				CLANG_WARN_EMPTY_BODY = YES;
				CLANG_WARN_ENUM_CONVERSION = YES;
				CLANG_WARN_INFINITE_RECURSION = YES;
				CLANG_WARN_INT_CONVERSION = YES;
				CLANG_WARN_NON_LITERAL_NULL_CONVERSION = YES;
				CLANG_WARN_OBJC_IMPLICIT_RETAIN_SELF = YES;
				CLANG_WARN_OBJC_LITERAL_CONVERSION = YES;
				CLANG_WARN_OBJC_ROOT_CLASS = YES_ERROR;
				CLANG_WARN_QUOTED_INCLUDE_IN_FRAMEWORK_HEADER = YES;
				CLANG_WARN_RANGE_LOOP_ANALYSIS = YES;
				CLANG_WARN_STRICT_PROTOTYPES = YES;
				CLANG_WARN_SUSPICIOUS_MOVE = YES;
				CLANG_WARN_UNGUARDED_AVAILABILITY = YES_AGGRESSIVE;
				CLANG_WARN_UNREACHABLE_CODE = YES;
				CLANG_WARN__DUPLICATE_METHOD_MATCH = YES;
				COPY_PHASE_STRIP = NO;
				DEBUG_INFORMATION_FORMAT = dwarf;
				ENABLE_STRICT_OBJC_MSGSEND = YES;
				ENABLE_TESTABILITY = YES;
				ENABLE_USER_SCRIPT_SANDBOXING = YES;
				GCC_C_LANGUAGE_STANDARD = gnu17;
				GCC_DYNAMIC_NO_PIC = NO;
				GCC_NO_COMMON_BLOCKS = YES;
				GCC_OPTIMIZATION_LEVEL = 0;
				GCC_PREPROCESSOR_DEFINITIONS = (
					"DEBUG=1",
					"$(inherited)",
				);
				GCC_WARN_64_TO_32_BIT_CONVERSION = YES;
				GCC_WARN_ABOUT_RETURN_TYPE = YES_ERROR;
				GCC_WARN_UNDECLARED_SELECTOR = YES;
				GCC_WARN_UNINITIALIZED_AUTOS = YES_AGGRESSIVE;
				GCC_WARN_UNUSED_FUNCTION = YES;
				GCC_WARN_UNUSED_VARIABLE = YES;
				IPHONEOS_DEPLOYMENT_TARGET = 17.5;
				LOCALIZATION_PREFERS_STRING_CATALOGS = YES;
				MTL_ENABLE_DEBUG_INFO = INCLUDE_SOURCE;
				MTL_FAST_MATH = YES;
				ONLY_ACTIVE_ARCH = YES;
				SDKROOT = iphoneos;
				SWIFT_ACTIVE_COMPILATION_CONDITIONS = "DEBUG $(inherited)";
				SWIFT_OPTIMIZATION_LEVEL = "-Onone";
			};
			name = Debug;
		};
		BD1401CE2C53D347003E1A77 /* Release */ = {
			isa = XCBuildConfiguration;
			buildSettings = {
				ALWAYS_SEARCH_USER_PATHS = NO;
				ASSETCATALOG_COMPILER_GENERATE_SWIFT_ASSET_SYMBOL_EXTENSIONS = YES;
				CLANG_ANALYZER_NONNULL = YES;
				CLANG_ANALYZER_NUMBER_OBJECT_CONVERSION = YES_AGGRESSIVE;
				CLANG_CXX_LANGUAGE_STANDARD = "gnu++20";
				CLANG_ENABLE_MODULES = YES;
				CLANG_ENABLE_OBJC_ARC = YES;
				CLANG_ENABLE_OBJC_WEAK = YES;
				CLANG_WARN_BLOCK_CAPTURE_AUTORELEASING = YES;
				CLANG_WARN_BOOL_CONVERSION = YES;
				CLANG_WARN_COMMA = YES;
				CLANG_WARN_CONSTANT_CONVERSION = YES;
				CLANG_WARN_DEPRECATED_OBJC_IMPLEMENTATIONS = YES;
				CLANG_WARN_DIRECT_OBJC_ISA_USAGE = YES_ERROR;
				CLANG_WARN_DOCUMENTATION_COMMENTS = YES;
				CLANG_WARN_EMPTY_BODY = YES;
				CLANG_WARN_ENUM_CONVERSION = YES;
				CLANG_WARN_INFINITE_RECURSION = YES;
				CLANG_WARN_INT_CONVERSION = YES;
				CLANG_WARN_NON_LITERAL_NULL_CONVERSION = YES;
				CLANG_WARN_OBJC_IMPLICIT_RETAIN_SELF = YES;
				CLANG_WARN_OBJC_LITERAL_CONVERSION = YES;
				CLANG_WARN_OBJC_ROOT_CLASS = YES_ERROR;
				CLANG_WARN_QUOTED_INCLUDE_IN_FRAMEWORK_HEADER = YES;
				CLANG_WARN_RANGE_LOOP_ANALYSIS = YES;
				CLANG_WARN_STRICT_PROTOTYPES = YES;
				CLANG_WARN_SUSPICIOUS_MOVE = YES;
				CLANG_WARN_UNGUARDED_AVAILABILITY = YES_AGGRESSIVE;
				CLANG_WARN_UNREACHABLE_CODE = YES;
				CLANG_WARN__DUPLICATE_METHOD_MATCH = YES;
				COPY_PHASE_STRIP = NO;
				DEBUG_INFORMATION_FORMAT = "dwarf-with-dsym";
				ENABLE_NS_ASSERTIONS = NO;
				ENABLE_STRICT_OBJC_MSGSEND = YES;
				ENABLE_USER_SCRIPT_SANDBOXING = YES;
				GCC_C_LANGUAGE_STANDARD = gnu17;
				GCC_NO_COMMON_BLOCKS = YES;
				GCC_WARN_64_TO_32_BIT_CONVERSION = YES;
				GCC_WARN_ABOUT_RETURN_TYPE = YES_ERROR;
				GCC_WARN_UNDECLARED_SELECTOR = YES;
				GCC_WARN_UNINITIALIZED_AUTOS = YES_AGGRESSIVE;
				GCC_WARN_UNUSED_FUNCTION = YES;
				GCC_WARN_UNUSED_VARIABLE = YES;
				IPHONEOS_DEPLOYMENT_TARGET = 17.5;
				LOCALIZATION_PREFERS_STRING_CATALOGS = YES;
				MTL_ENABLE_DEBUG_INFO = NO;
				MTL_FAST_MATH = YES;
				SDKROOT = iphoneos;
				SWIFT_COMPILATION_MODE = wholemodule;
				VALIDATE_PRODUCT = YES;
			};
			name = Release;
		};
		BD1401D02C53D347003E1A77 /* Debug */ = {
			isa = XCBuildConfiguration;
			buildSettings = {
				ASSETCATALOG_COMPILER_APPICON_NAME = AppIcon;
				ASSETCATALOG_COMPILER_GLOBAL_ACCENT_COLOR_NAME = AccentColor;
				CODE_SIGN_STYLE = Automatic;
				CURRENT_PROJECT_VERSION = 1;
				DEVELOPMENT_ASSET_PATHS = "\"finalProject/Preview Content\"";
				ENABLE_PREVIEWS = YES;
				GENERATE_INFOPLIST_FILE = YES;
				INFOPLIST_FILE = finalProject/Info.plist;
				INFOPLIST_KEY_UIApplicationSceneManifest_Generation = YES;
				INFOPLIST_KEY_UIApplicationSupportsIndirectInputEvents = YES;
				INFOPLIST_KEY_UILaunchScreen_Generation = YES;
				INFOPLIST_KEY_UISupportedInterfaceOrientations_iPad = "UIInterfaceOrientationPortrait UIInterfaceOrientationPortraitUpsideDown UIInterfaceOrientationLandscapeLeft UIInterfaceOrientationLandscapeRight";
				INFOPLIST_KEY_UISupportedInterfaceOrientations_iPhone = "UIInterfaceOrientationPortrait UIInterfaceOrientationLandscapeLeft UIInterfaceOrientationLandscapeRight";
				LD_RUNPATH_SEARCH_PATHS = (
					"$(inherited)",
					"@executable_path/Frameworks",
				);
				MARKETING_VERSION = 1.0;
				PRODUCT_BUNDLE_IDENTIFIER = kwk.finalProject;
				PRODUCT_NAME = "$(TARGET_NAME)";
				SWIFT_EMIT_LOC_STRINGS = YES;
				SWIFT_VERSION = 5.0;
				TARGETED_DEVICE_FAMILY = "1,2";
			};
			name = Debug;
		};
		BD1401D12C53D347003E1A77 /* Release */ = {
			isa = XCBuildConfiguration;
			buildSettings = {
				ASSETCATALOG_COMPILER_APPICON_NAME = AppIcon;
				ASSETCATALOG_COMPILER_GLOBAL_ACCENT_COLOR_NAME = AccentColor;
				CODE_SIGN_STYLE = Automatic;
				CURRENT_PROJECT_VERSION = 1;
				DEVELOPMENT_ASSET_PATHS = "\"finalProject/Preview Content\"";
				ENABLE_PREVIEWS = YES;
				GENERATE_INFOPLIST_FILE = YES;
				INFOPLIST_FILE = finalProject/Info.plist;
				INFOPLIST_KEY_UIApplicationSceneManifest_Generation = YES;
				INFOPLIST_KEY_UIApplicationSupportsIndirectInputEvents = YES;
				INFOPLIST_KEY_UILaunchScreen_Generation = YES;
				INFOPLIST_KEY_UISupportedInterfaceOrientations_iPad = "UIInterfaceOrientationPortrait UIInterfaceOrientationPortraitUpsideDown UIInterfaceOrientationLandscapeLeft UIInterfaceOrientationLandscapeRight";
				INFOPLIST_KEY_UISupportedInterfaceOrientations_iPhone = "UIInterfaceOrientationPortrait UIInterfaceOrientationLandscapeLeft UIInterfaceOrientationLandscapeRight";
				LD_RUNPATH_SEARCH_PATHS = (
					"$(inherited)",
					"@executable_path/Frameworks",
				);
				MARKETING_VERSION = 1.0;
				PRODUCT_BUNDLE_IDENTIFIER = kwk.finalProject;
				PRODUCT_NAME = "$(TARGET_NAME)";
				SWIFT_EMIT_LOC_STRINGS = YES;
				SWIFT_VERSION = 5.0;
				TARGETED_DEVICE_FAMILY = "1,2";
			};
			name = Release;
		};
		BD1401D32C53D347003E1A77 /* Debug */ = {
			isa = XCBuildConfiguration;
			buildSettings = {
				ALWAYS_EMBED_SWIFT_STANDARD_LIBRARIES = YES;
				BUNDLE_LOADER = "$(TEST_HOST)";
				CODE_SIGN_STYLE = Automatic;
				CURRENT_PROJECT_VERSION = 1;
				GENERATE_INFOPLIST_FILE = YES;
				IPHONEOS_DEPLOYMENT_TARGET = 17.5;
				MARKETING_VERSION = 1.0;
				PRODUCT_BUNDLE_IDENTIFIER = kwk.finalProjectTests;
				PRODUCT_NAME = "$(TARGET_NAME)";
				SWIFT_EMIT_LOC_STRINGS = NO;
				SWIFT_VERSION = 5.0;
				TARGETED_DEVICE_FAMILY = "1,2";
				TEST_HOST = "$(BUILT_PRODUCTS_DIR)/finalProject.app/$(BUNDLE_EXECUTABLE_FOLDER_PATH)/finalProject";
			};
			name = Debug;
		};
		BD1401D42C53D347003E1A77 /* Release */ = {
			isa = XCBuildConfiguration;
			buildSettings = {
				ALWAYS_EMBED_SWIFT_STANDARD_LIBRARIES = YES;
				BUNDLE_LOADER = "$(TEST_HOST)";
				CODE_SIGN_STYLE = Automatic;
				CURRENT_PROJECT_VERSION = 1;
				GENERATE_INFOPLIST_FILE = YES;
				IPHONEOS_DEPLOYMENT_TARGET = 17.5;
				MARKETING_VERSION = 1.0;
				PRODUCT_BUNDLE_IDENTIFIER = kwk.finalProjectTests;
				PRODUCT_NAME = "$(TARGET_NAME)";
				SWIFT_EMIT_LOC_STRINGS = NO;
				SWIFT_VERSION = 5.0;
				TARGETED_DEVICE_FAMILY = "1,2";
				TEST_HOST = "$(BUILT_PRODUCTS_DIR)/finalProject.app/$(BUNDLE_EXECUTABLE_FOLDER_PATH)/finalProject";
			};
			name = Release;
		};
		BD1401D62C53D347003E1A77 /* Debug */ = {
			isa = XCBuildConfiguration;
			buildSettings = {
				ALWAYS_EMBED_SWIFT_STANDARD_LIBRARIES = YES;
				CODE_SIGN_STYLE = Automatic;
				CURRENT_PROJECT_VERSION = 1;
				GENERATE_INFOPLIST_FILE = YES;
				MARKETING_VERSION = 1.0;
				PRODUCT_BUNDLE_IDENTIFIER = kwk.finalProjectUITests;
				PRODUCT_NAME = "$(TARGET_NAME)";
				SWIFT_EMIT_LOC_STRINGS = NO;
				SWIFT_VERSION = 5.0;
				TARGETED_DEVICE_FAMILY = "1,2";
				TEST_TARGET_NAME = finalProject;
			};
			name = Debug;
		};
		BD1401D72C53D347003E1A77 /* Release */ = {
			isa = XCBuildConfiguration;
			buildSettings = {
				ALWAYS_EMBED_SWIFT_STANDARD_LIBRARIES = YES;
				CODE_SIGN_STYLE = Automatic;
				CURRENT_PROJECT_VERSION = 1;
				GENERATE_INFOPLIST_FILE = YES;
				MARKETING_VERSION = 1.0;
				PRODUCT_BUNDLE_IDENTIFIER = kwk.finalProjectUITests;
				PRODUCT_NAME = "$(TARGET_NAME)";
				SWIFT_EMIT_LOC_STRINGS = NO;
				SWIFT_VERSION = 5.0;
				TARGETED_DEVICE_FAMILY = "1,2";
				TEST_TARGET_NAME = finalProject;
			};
			name = Release;
		};
/* End XCBuildConfiguration section */

/* Begin XCConfigurationList section */
		BD1401A62C53D345003E1A77 /* Build configuration list for PBXProject "finalProject" */ = {
			isa = XCConfigurationList;
			buildConfigurations = (
				BD1401CD2C53D347003E1A77 /* Debug */,
				BD1401CE2C53D347003E1A77 /* Release */,
			);
			defaultConfigurationIsVisible = 0;
			defaultConfigurationName = Release;
		};
		BD1401CF2C53D347003E1A77 /* Build configuration list for PBXNativeTarget "finalProject" */ = {
			isa = XCConfigurationList;
			buildConfigurations = (
				BD1401D02C53D347003E1A77 /* Debug */,
				BD1401D12C53D347003E1A77 /* Release */,
			);
			defaultConfigurationIsVisible = 0;
			defaultConfigurationName = Release;
		};
		BD1401D22C53D347003E1A77 /* Build configuration list for PBXNativeTarget "finalProjectTests" */ = {
			isa = XCConfigurationList;
			buildConfigurations = (
				BD1401D32C53D347003E1A77 /* Debug */,
				BD1401D42C53D347003E1A77 /* Release */,
			);
			defaultConfigurationIsVisible = 0;
			defaultConfigurationName = Release;
		};
		BD1401D52C53D347003E1A77 /* Build configuration list for PBXNativeTarget "finalProjectUITests" */ = {
			isa = XCConfigurationList;
			buildConfigurations = (
				BD1401D62C53D347003E1A77 /* Debug */,
				BD1401D72C53D347003E1A77 /* Release */,
			);
			defaultConfigurationIsVisible = 0;
			defaultConfigurationName = Release;
		};
/* End XCConfigurationList section */
	};
	rootObject = BD1401A32C53D345003E1A77 /* Project object */;
}
